<!--
Copyright (c) 2026 Alvin Wilsen Chan Chua
GitHub: chuaalvw-y
Licensed under the Alvin Wilsen Chan Chua Proprietary Use-Only License.
See LICENSE.txt in the project root for full license information.
-->

<Solution>
  <Folder Name="/src/">
    <Project Path="src/ChuA.SharedKernel/ChuA.SharedKernel.csproj" />
  </Folder>
  <Folder Name="/tests/">
    <Project Path="tests/ChuA.SharedKernel.Tests/ChuA.SharedKernel.Tests.csproj" />
  </Folder>
</Solution>
